
Microsoft Visual Studio Solution File, Format Version 12.00
# Visual Studio Version 17
VisualStudioVersion = 17.8.34511.84
MinimumVisualStudioVersion = 10.0.40219.1
Project("{9A19103F-16F7-4668-BE54-9A1E7A4F7556}") = "DesignPatterns.Base", "DesignPatterns.Base\DesignPatterns.Base.csproj", "{51980C7C-A1D6-41EE-84E0-6AABEA2D1B72}"
EndProject
Project("{9A19103F-16F7-4668-BE54-9A1E7A4F7556}") = "DesignPatterns.Strategy", "DesignPatterns.Strategy\DesignPatterns.Strategy.csproj", "{B546CEF5-B830-41B6-93CE-D0B0BC71D759}"
EndProject
Project("{9A19103F-16F7-4668-BE54-9A1E7A4F7556}") = "DesignPatterns.Template", "DesignPatterns.Template\DesignPatterns.Template.csproj", "{EEE9E55C-E01D-4B39-AD74-BAC6A91DDCFA}"
EndProject
Project("{9A19103F-16F7-4668-BE54-9A1E7A4F7556}") = "DesignPatterns.Command", "DesignPatterns.Command\DesignPatterns.Command.csproj", "{DDE4FE9B-E3B7-4CD2-B41E-A5F4905054EB}"
EndProject
Global
	GlobalSection(SolutionConfigurationPlatforms) = preSolution
		Debug|Any CPU = Debug|Any CPU
		Release|Any CPU = Release|Any CPU
	EndGlobalSection
	GlobalSection(ProjectConfigurationPlatforms) = postSolution
		{51980C7C-A1D6-41EE-84E0-6AABEA2D1B72}.Debug|Any CPU.ActiveCfg = Debug|Any CPU
		{51980C7C-A1D6-41EE-84E0-6AABEA2D1B72}.Debug|Any CPU.Build.0 = Debug|Any CPU
		{51980C7C-A1D6-41EE-84E0-6AABEA2D1B72}.Release|Any CPU.ActiveCfg = Release|Any CPU
		{51980C7C-A1D6-41EE-84E0-6AABEA2D1B72}.Release|Any CPU.Build.0 = Release|Any CPU
		{B546CEF5-B830-41B6-93CE-D0B0BC71D759}.Debug|Any CPU.ActiveCfg = Debug|Any CPU
		{B546CEF5-B830-41B6-93CE-D0B0BC71D759}.Debug|Any CPU.Build.0 = Debug|Any CPU
		{B546CEF5-B830-41B6-93CE-D0B0BC71D759}.Release|Any CPU.ActiveCfg = Release|Any CPU
		{B546CEF5-B830-41B6-93CE-D0B0BC71D759}.Release|Any CPU.Build.0 = Release|Any CPU
		{EEE9E55C-E01D-4B39-AD74-BAC6A91DDCFA}.Debug|Any CPU.ActiveCfg = Debug|Any CPU
		{EEE9E55C-E01D-4B39-AD74-BAC6A91DDCFA}.Debug|Any CPU.Build.0 = Debug|Any CPU
		{EEE9E55C-E01D-4B39-AD74-BAC6A91DDCFA}.Release|Any CPU.ActiveCfg = Release|Any CPU
		{EEE9E55C-E01D-4B39-AD74-BAC6A91DDCFA}.Release|Any CPU.Build.0 = Release|Any CPU
		{DDE4FE9B-E3B7-4CD2-B41E-A5F4905054EB}.Debug|Any CPU.ActiveCfg = Debug|Any CPU
		{DDE4FE9B-E3B7-4CD2-B41E-A5F4905054EB}.Debug|Any CPU.Build.0 = Debug|Any CPU
		{DDE4FE9B-E3B7-4CD2-B41E-A5F4905054EB}.Release|Any CPU.ActiveCfg = Release|Any CPU
		{DDE4FE9B-E3B7-4CD2-B41E-A5F4905054EB}.Release|Any CPU.Build.0 = Release|Any CPU
	EndGlobalSection
	GlobalSection(SolutionProperties) = preSolution
		HideSolutionNode = FALSE
	EndGlobalSection
	GlobalSection(ExtensibilityGlobals) = postSolution
		SolutionGuid = {607947AF-0D2A-45C4-8AD7-34AE96DC27D1}
	EndGlobalSection
EndGlobal
